<?xml version="1.0" encoding="UTF-8" standalone="yes" ?>
<CodeBlocks_project_file>
	<FileVersion major="1" minor="6" />
	<Project>
		<Option title="ProyectoFinal" />
		<Option pch_mode="2" />
		<Option compiler="gcc" />
		<Build>
			<Target title="Debug">
				<Option output="bin/Debug/ProyectoFinal" prefix_auto="1" extension_auto="1" />
				<Option object_output="obj/Debug/" />
				<Option type="1" />
				<Option compiler="gcc" />
				<Compiler>
					<Add option="-g" />
					<Add directory="include" />
				</Compiler>
			</Target>
			<Target title="Release">
				<Option output="bin/Release/ProyectoFinal" prefix_auto="1" extension_auto="1" />
				<Option object_output="obj/Release/" />
				<Option type="1" />
				<Option compiler="gcc" />
				<Compiler>
					<Add option="-O2" />
					<Add directory="include" />
				</Compiler>
				<Linker>
					<Add option="-s" />
				</Linker>
			</Target>
		</Build>
		<Compiler>
			<Add option="-Wall" />
			<Add option="-fexceptions" />
		</Compiler>
		<Unit filename="include/Aerolinea.h" />
		<Unit filename="include/Aeropuerto.h" />
		<Unit filename="include/AgenciaDeViaje.h" />
		<Unit filename="include/Avion.h" />
		<Unit filename="include/Cliente.h" />
		<Unit filename="include/CompaniaAerea.h" />
		<Unit filename="include/Persona.h" />
		<Unit filename="include/Representante.h" />
		<Unit filename="include/Silla.h" />
		<Unit filename="include/Telefono.h" />
		<Unit filename="include/Tiquete.h" />
		<Unit filename="main.cpp" />
		<Unit filename="src/Aerolinea.cpp" />
		<Unit filename="src/Aeropuerto.cpp" />
		<Unit filename="src/AgenciaDeViaje.cpp" />
		<Unit filename="src/Avion.cpp" />
		<Unit filename="src/Cliente.cpp" />
		<Unit filename="src/CompaniaAerea.cpp" />
		<Unit filename="src/Persona.cpp" />
		<Unit filename="src/Representante.cpp" />
		<Unit filename="src/Silla.cpp" />
		<Unit filename="src/Telefono.cpp" />
		<Unit filename="src/Tiquete.cpp" />
		<Extensions>
			<code_completion />
			<envvars />
			<debugger />
			<lib_finder disable_auto="1" />
		</Extensions>
	</Project>
</CodeBlocks_project_file>
